// !$*UTF8*$!
{
	archiveVersion = 1;
	classes = {
	};
	objectVersion = 48;
	objects = {

/* Begin PBXBuildFile section */
		8F024B311FBEC887001BF693 /* AppDelegate.m in Sources */ = {isa = PBXBuildFile; fileRef = 8F024B301FBEC887001BF693 /* AppDelegate.m */; };
		8F024B341FBEC887001BF693 /* ViewController.m in Sources */ = {isa = PBXBuildFile; fileRef = 8F024B331FBEC887001BF693 /* ViewController.m */; };
		8F024B371FBEC887001BF693 /* Main.storyboard in Resources */ = {isa = PBXBuildFile; fileRef = 8F024B351FBEC887001BF693 /* Main.storyboard */; };
		8F024B391FBEC888001BF693 /* Assets.xcassets in Resources */ = {isa = PBXBuildFile; fileRef = 8F024B381FBEC888001BF693 /* Assets.xcassets */; };
		8F024B3C1FBEC888001BF693 /* LaunchScreen.storyboard in Resources */ = {isa = PBXBuildFile; fileRef = 8F024B3A1FBEC888001BF693 /* LaunchScreen.storyboard */; };
		8F024B3F1FBEC888001BF693 /* main.m in Sources */ = {isa = PBXBuildFile; fileRef = 8F024B3E1FBEC888001BF693 /* main.m */; };
		8F024B531FBEC954001BF693 /* DLCategory.m in Sources */ = {isa = PBXBuildFile; fileRef = 8F024B471FBEC954001BF693 /* DLCategory.m */; };
		8F024B541FBEC954001BF693 /* DLCommonFunc.m in Sources */ = {isa = PBXBuildFile; fileRef = 8F024B491FBEC954001BF693 /* DLCommonFunc.m */; };
		8F024B551FBEC954001BF693 /* DLRequest.m in Sources */ = {isa = PBXBuildFile; fileRef = 8F024B4D1FBEC954001BF693 /* DLRequest.m */; };
		8F024B561FBEC954001BF693 /* LICENSE in Resources */ = {isa = PBXBuildFile; fileRef = 8F024B4F1FBEC954001BF693 /* LICENSE */; };
		8F024B571FBEC954001BF693 /* MBProgressHUD.m in Sources */ = {isa = PBXBuildFile; fileRef = 8F024B511FBEC954001BF693 /* MBProgressHUD.m */; };
		8F024B581FBEC954001BF693 /* README.mdown in Resources */ = {isa = PBXBuildFile; fileRef = 8F024B521FBEC954001BF693 /* README.mdown */; };
		8F024B5B1FBEE130001BF693 /* DLQuickViews.m in Sources */ = {isa = PBXBuildFile; fileRef = 8F024B5A1FBEE130001BF693 /* DLQuickViews.m */; };
		8F6B95061FC3FC1F00811983 /* aaa.png in Resources */ = {isa = PBXBuildFile; fileRef = 8F6B95051FC3FC1F00811983 /* aaa.png */; };
/* End PBXBuildFile section */

/* Begin PBXFileReference section */
		8F024B2C1FBEC887001BF693 /* DLKit-Demo.app */ = {isa = PBXFileReference; explicitFileType = wrapper.application; includeInIndex = 0; path = "DLKit-Demo.app"; sourceTree = BUILT_PRODUCTS_DIR; };
		8F024B2F1FBEC887001BF693 /* AppDelegate.h */ = {isa = PBXFileReference; lastKnownFileType = sourcecode.c.h; path = AppDelegate.h; sourceTree = "<group>"; };
		8F024B301FBEC887001BF693 /* AppDelegate.m */ = {isa = PBXFileReference; lastKnownFileType = sourcecode.c.objc; path = AppDelegate.m; sourceTree = "<group>"; };
		8F024B321FBEC887001BF693 /* ViewController.h */ = {isa = PBXFileReference; lastKnownFileType = sourcecode.c.h; path = ViewController.h; sourceTree = "<group>"; };
		8F024B331FBEC887001BF693 /* ViewController.m */ = {isa = PBXFileReference; lastKnownFileType = sourcecode.c.objc; path = ViewController.m; sourceTree = "<group>"; };
		8F024B361FBEC887001BF693 /* Base */ = {isa = PBXFileReference; lastKnownFileType = file.storyboard; name = Base; path = Base.lproj/Main.storyboard; sourceTree = "<group>"; };
		8F024B381FBEC888001BF693 /* Assets.xcassets */ = {isa = PBXFileReference; lastKnownFileType = folder.assetcatalog; path = Assets.xcassets; sourceTree = "<group>"; };
		8F024B3B1FBEC888001BF693 /* Base */ = {isa = PBXFileReference; lastKnownFileType = file.storyboard; name = Base; path = Base.lproj/LaunchScreen.storyboard; sourceTree = "<group>"; };
		8F024B3D1FBEC888001BF693 /* Info.plist */ = {isa = PBXFileReference; lastKnownFileType = text.plist.xml; path = Info.plist; sourceTree = "<group>"; };
		8F024B3E1FBEC888001BF693 /* main.m */ = {isa = PBXFileReference; lastKnownFileType = sourcecode.c.objc; path = main.m; sourceTree = "<group>"; };
		8F024B461FBEC954001BF693 /* DLCategory.h */ = {isa = PBXFileReference; fileEncoding = 4; lastKnownFileType = sourcecode.c.h; path = DLCategory.h; sourceTree = "<group>"; };
		8F024B471FBEC954001BF693 /* DLCategory.m */ = {isa = PBXFileReference; fileEncoding = 4; lastKnownFileType = sourcecode.c.objc; path = DLCategory.m; sourceTree = "<group>"; };
		8F024B481FBEC954001BF693 /* DLCommonFunc.h */ = {isa = PBXFileReference; fileEncoding = 4; lastKnownFileType = sourcecode.c.h; path = DLCommonFunc.h; sourceTree = "<group>"; };
		8F024B491FBEC954001BF693 /* DLCommonFunc.m */ = {isa = PBXFileReference; fileEncoding = 4; lastKnownFileType = sourcecode.c.objc; path = DLCommonFunc.m; sourceTree = "<group>"; };
		8F024B4A1FBEC954001BF693 /* DLFuncHeader.h */ = {isa = PBXFileReference; fileEncoding = 4; lastKnownFileType = sourcecode.c.h; path = DLFuncHeader.h; sourceTree = "<group>"; };
		8F024B4B1FBEC954001BF693 /* DLKitHeader.h */ = {isa = PBXFileReference; fileEncoding = 4; lastKnownFileType = sourcecode.c.h; path = DLKitHeader.h; sourceTree = "<group>"; };
		8F024B4C1FBEC954001BF693 /* DLRequest.h */ = {isa = PBXFileReference; fileEncoding = 4; lastKnownFileType = sourcecode.c.h; path = DLRequest.h; sourceTree = "<group>"; };
		8F024B4D1FBEC954001BF693 /* DLRequest.m */ = {isa = PBXFileReference; fileEncoding = 4; lastKnownFileType = sourcecode.c.objc; path = DLRequest.m; sourceTree = "<group>"; };
		8F024B4F1FBEC954001BF693 /* LICENSE */ = {isa = PBXFileReference; fileEncoding = 4; lastKnownFileType = text; path = LICENSE; sourceTree = "<group>"; };
		8F024B501FBEC954001BF693 /* MBProgressHUD.h */ = {isa = PBXFileReference; fileEncoding = 4; lastKnownFileType = sourcecode.c.h; path = MBProgressHUD.h; sourceTree = "<group>"; };
		8F024B511FBEC954001BF693 /* MBProgressHUD.m */ = {isa = PBXFileReference; fileEncoding = 4; lastKnownFileType = sourcecode.c.objc; path = MBProgressHUD.m; sourceTree = "<group>"; };
		8F024B521FBEC954001BF693 /* README.mdown */ = {isa = PBXFileReference; fileEncoding = 4; lastKnownFileType = net.daringfireball.markdown; path = README.mdown; sourceTree = "<group>"; };
		8F024B591FBEE130001BF693 /* DLQuickViews.h */ = {isa = PBXFileReference; lastKnownFileType = sourcecode.c.h; path = DLQuickViews.h; sourceTree = "<group>"; };
		8F024B5A1FBEE130001BF693 /* DLQuickViews.m */ = {isa = PBXFileReference; lastKnownFileType = sourcecode.c.objc; path = DLQuickViews.m; sourceTree = "<group>"; };
		8F6B95051FC3FC1F00811983 /* aaa.png */ = {isa = PBXFileReference; lastKnownFileType = image.png; path = aaa.png; sourceTree = "<group>"; };
/* End PBXFileReference section */

/* Begin PBXFrameworksBuildPhase section */
		8F024B291FBEC887001BF693 /* Frameworks */ = {
			isa = PBXFrameworksBuildPhase;
			buildActionMask = 2147483647;
			files = (
			);
			runOnlyForDeploymentPostprocessing = 0;
		};
/* End PBXFrameworksBuildPhase section */

/* Begin PBXGroup section */
		8F024B231FBEC887001BF693 = {
			isa = PBXGroup;
			children = (
				8F024B2E1FBEC887001BF693 /* DLKit-Demo */,
				8F024B2D1FBEC887001BF693 /* Products */,
			);
			sourceTree = "<group>";
		};
		8F024B2D1FBEC887001BF693 /* Products */ = {
			isa = PBXGroup;
			children = (
				8F024B2C1FBEC887001BF693 /* DLKit-Demo.app */,
			);
			name = Products;
			sourceTree = "<group>";
		};
		8F024B2E1FBEC887001BF693 /* DLKit-Demo */ = {
			isa = PBXGroup;
			children = (
				8F024B451FBEC954001BF693 /* DLKit */,
				8F024B4E1FBEC954001BF693 /* MBProgressHUD */,
				8F024B2F1FBEC887001BF693 /* AppDelegate.h */,
				8F024B301FBEC887001BF693 /* AppDelegate.m */,
				8F024B321FBEC887001BF693 /* ViewController.h */,
				8F024B331FBEC887001BF693 /* ViewController.m */,
				8F024B351FBEC887001BF693 /* Main.storyboard */,
				8F024B381FBEC888001BF693 /* Assets.xcassets */,
				8F024B3A1FBEC888001BF693 /* LaunchScreen.storyboard */,
				8F024B3D1FBEC888001BF693 /* Info.plist */,
				8F024B3E1FBEC888001BF693 /* main.m */,
				8F6B95051FC3FC1F00811983 /* aaa.png */,
			);
			path = "DLKit-Demo";
			sourceTree = "<group>";
		};
		8F024B451FBEC954001BF693 /* DLKit */ = {
			isa = PBXGroup;
			children = (
				8F024B4B1FBEC954001BF693 /* DLKitHeader.h */,
				8F024B4A1FBEC954001BF693 /* DLFuncHeader.h */,
				8F024B461FBEC954001BF693 /* DLCategory.h */,
				8F024B471FBEC954001BF693 /* DLCategory.m */,
				8F024B591FBEE130001BF693 /* DLQuickViews.h */,
				8F024B5A1FBEE130001BF693 /* DLQuickViews.m */,
				8F024B481FBEC954001BF693 /* DLCommonFunc.h */,
				8F024B491FBEC954001BF693 /* DLCommonFunc.m */,
				8F024B4C1FBEC954001BF693 /* DLRequest.h */,
				8F024B4D1FBEC954001BF693 /* DLRequest.m */,
			);
			path = DLKit;
			sourceTree = "<group>";
		};
		8F024B4E1FBEC954001BF693 /* MBProgressHUD */ = {
			isa = PBXGroup;
			children = (
				8F024B4F1FBEC954001BF693 /* LICENSE */,
				8F024B501FBEC954001BF693 /* MBProgressHUD.h */,
				8F024B511FBEC954001BF693 /* MBProgressHUD.m */,
				8F024B521FBEC954001BF693 /* README.mdown */,
			);
			path = MBProgressHUD;
			sourceTree = "<group>";
		};
/* End PBXGroup section */

/* Begin PBXNativeTarget section */
		8F024B2B1FBEC887001BF693 /* DLKit-Demo */ = {
			isa = PBXNativeTarget;
			buildConfigurationList = 8F024B421FBEC888001BF693 /* Build configuration list for PBXNativeTarget "DLKit-Demo" */;
			buildPhases = (
				8F024B281FBEC887001BF693 /* Sources */,
				8F024B291FBEC887001BF693 /* Frameworks */,
				8F024B2A1FBEC887001BF693 /* Resources */,
			);
			buildRules = (
			);
			dependencies = (
			);
			name = "DLKit-Demo";
			productName = "DLKit-Demo";
			productReference = 8F024B2C1FBEC887001BF693 /* DLKit-Demo.app */;
			productType = "com.apple.product-type.application";
		};
/* End PBXNativeTarget section */

/* Begin PBXProject section */
		8F024B241FBEC887001BF693 /* Project object */ = {
			isa = PBXProject;
			attributes = {
				LastUpgradeCheck = 0910;
				ORGANIZATIONNAME = "DoubleL-Coding";
				TargetAttributes = {
					8F024B2B1FBEC887001BF693 = {
						CreatedOnToolsVersion = 9.1;
						ProvisioningStyle = Automatic;
					};
				};
			};
			buildConfigurationList = 8F024B271FBEC887001BF693 /* Build configuration list for PBXProject "DLKit-Demo" */;
			compatibilityVersion = "Xcode 8.0";
			developmentRegion = en;
			hasScannedForEncodings = 0;
			knownRegions = (
				en,
				Base,
			);
			mainGroup = 8F024B231FBEC887001BF693;
			productRefGroup = 8F024B2D1FBEC887001BF693 /* Products */;
			projectDirPath = "";
			projectRoot = "";
			targets = (
				8F024B2B1FBEC887001BF693 /* DLKit-Demo */,
			);
		};
/* End PBXProject section */

/* Begin PBXResourcesBuildPhase section */
		8F024B2A1FBEC887001BF693 /* Resources */ = {
			isa = PBXResourcesBuildPhase;
			buildActionMask = 2147483647;
			files = (
				8F024B3C1FBEC888001BF693 /* LaunchScreen.storyboard in Resources */,
				8F024B391FBEC888001BF693 /* Assets.xcassets in Resources */,
				8F024B561FBEC954001BF693 /* LICENSE in Resources */,
				8F6B95061FC3FC1F00811983 /* aaa.png in Resources */,
				8F024B371FBEC887001BF693 /* Main.storyboard in Resources */,
				8F024B581FBEC954001BF693 /* README.mdown in Resources */,
			);
			runOnlyForDeploymentPostprocessing = 0;
		};
/* End PBXResourcesBuildPhase section */

/* Begin PBXSourcesBuildPhase section */
		8F024B281FBEC887001BF693 /* Sources */ = {
			isa = PBXSourcesBuildPhase;
			buildActionMask = 2147483647;
			files = (
				8F024B341FBEC887001BF693 /* ViewController.m in Sources */,
				8F024B541FBEC954001BF693 /* DLCommonFunc.m in Sources */,
				8F024B531FBEC954001BF693 /* DLCategory.m in Sources */,
				8F024B551FBEC954001BF693 /* DLRequest.m in Sources */,
				8F024B5B1FBEE130001BF693 /* DLQuickViews.m in Sources */,
				8F024B3F1FBEC888001BF693 /* main.m in Sources */,
				8F024B311FBEC887001BF693 /* AppDelegate.m in Sources */,
				8F024B571FBEC954001BF693 /* MBProgressHUD.m in Sources */,
			);
			runOnlyForDeploymentPostprocessing = 0;
		};
/* End PBXSourcesBuildPhase section */

/* Begin PBXVariantGroup section */
		8F024B351FBEC887001BF693 /* Main.storyboard */ = {
			isa = PBXVariantGroup;
			children = (
				8F024B361FBEC887001BF693 /* Base */,
			);
			name = Main.storyboard;
			sourceTree = "<group>";
		};
		8F024B3A1FBEC888001BF693 /* LaunchScreen.storyboard */ = {
			isa = PBXVariantGroup;
			children = (
				8F024B3B1FBEC888001BF693 /* Base */,
			);
			name = LaunchScreen.storyboard;
			sourceTree = "<group>";
		};
/* End PBXVariantGroup section */

/* Begin XCBuildConfiguration section */
		8F024B401FBEC888001BF693 /* Debug */ = {
			isa = XCBuildConfiguration;
			buildSettings = {
				ALWAYS_SEARCH_USER_PATHS = NO;
				CLANG_ANALYZER_NONNULL = YES;
				CLANG_ANALYZER_NUMBER_OBJECT_CONVERSION = YES_AGGRESSIVE;
				CLANG_CXX_LANGUAGE_STANDARD = "gnu++14";
				CLANG_CXX_LIBRARY = "libc++";
				CLANG_ENABLE_MODULES = YES;
				CLANG_ENABLE_OBJC_ARC = YES;
				CLANG_WARN_BLOCK_CAPTURE_AUTORELEASING = YES;
				CLANG_WARN_BOOL_CONVERSION = YES;
				CLANG_WARN_COMMA = YES;
				CLANG_WARN_CONSTANT_CONVERSION = YES;
				CLANG_WARN_DIRECT_OBJC_ISA_USAGE = YES_ERROR;
				CLANG_WARN_DOCUMENTATION_COMMENTS = YES;
				CLANG_WARN_EMPTY_BODY = YES;
				CLANG_WARN_ENUM_CONVERSION = YES;
				CLANG_WARN_INFINITE_RECURSION = YES;
				CLANG_WARN_INT_CONVERSION = YES;
				CLANG_WARN_NON_LITERAL_NULL_CONVERSION = YES;
				CLANG_WARN_OBJC_LITERAL_CONVERSION = YES;
				CLANG_WARN_OBJC_ROOT_CLASS = YES_ERROR;
				CLANG_WARN_RANGE_LOOP_ANALYSIS = YES;
				CLANG_WARN_STRICT_PROTOTYPES = YES;
				CLANG_WARN_SUSPICIOUS_MOVE = YES;
				CLANG_WARN_UNGUARDED_AVAILABILITY = YES_AGGRESSIVE;
				CLANG_WARN_UNREACHABLE_CODE = YES;
				CLANG_WARN__DUPLICATE_METHOD_MATCH = YES;
				CODE_SIGN_IDENTITY = "iPhone Developer";
				COPY_PHASE_STRIP = NO;
				DEBUG_INFORMATION_FORMAT = dwarf;
				ENABLE_STRICT_OBJC_MSGSEND = YES;
				ENABLE_TESTABILITY = YES;
				GCC_C_LANGUAGE_STANDARD = gnu11;
				GCC_DYNAMIC_NO_PIC = NO;
				GCC_NO_COMMON_BLOCKS = YES;
				GCC_OPTIMIZATION_LEVEL = 0;
				GCC_PREPROCESSOR_DEFINITIONS = (
					"DEBUG=1",
					"$(inherited)",
				);
				GCC_WARN_64_TO_32_BIT_CONVERSION = YES;
				GCC_WARN_ABOUT_RETURN_TYPE = YES_ERROR;
				GCC_WARN_UNDECLARED_SELECTOR = YES;
				GCC_WARN_UNINITIALIZED_AUTOS = YES_AGGRESSIVE;
				GCC_WARN_UNUSED_FUNCTION = YES;
				GCC_WARN_UNUSED_VARIABLE = YES;
				IPHONEOS_DEPLOYMENT_TARGET = 11.1;
				MTL_ENABLE_DEBUG_INFO = YES;
				ONLY_ACTIVE_ARCH = YES;
				SDKROOT = iphoneos;
			};
			name = Debug;
		};
		8F024B411FBEC888001BF693 /* Release */ = {
			isa = XCBuildConfiguration;
			buildSettings = {
				ALWAYS_SEARCH_USER_PATHS = NO;
				CLANG_ANALYZER_NONNULL = YES;
				CLANG_ANALYZER_NUMBER_OBJECT_CONVERSION = YES_AGGRESSIVE;
				CLANG_CXX_LANGUAGE_STANDARD = "gnu++14";
				CLANG_CXX_LIBRARY = "libc++";
				CLANG_ENABLE_MODULES = YES;
				CLANG_ENABLE_OBJC_ARC = YES;
				CLANG_WARN_BLOCK_CAPTURE_AUTORELEASING = YES;
				CLANG_WARN_BOOL_CONVERSION = YES;
				CLANG_WARN_COMMA = YES;
				CLANG_WARN_CONSTANT_CONVERSION = YES;
				CLANG_WARN_DIRECT_OBJC_ISA_USAGE = YES_ERROR;
				CLANG_WARN_DOCUMENTATION_COMMENTS = YES;
				CLANG_WARN_EMPTY_BODY = YES;
				CLANG_WARN_ENUM_CONVERSION = YES;
				CLANG_WARN_INFINITE_RECURSION = YES;
				CLANG_WARN_INT_CONVERSION = YES;
				CLANG_WARN_NON_LITERAL_NULL_CONVERSION = YES;
				CLANG_WARN_OBJC_LITERAL_CONVERSION = YES;
				CLANG_WARN_OBJC_ROOT_CLASS = YES_ERROR;
				CLANG_WARN_RANGE_LOOP_ANALYSIS = YES;
				CLANG_WARN_STRICT_PROTOTYPES = YES;
				CLANG_WARN_SUSPICIOUS_MOVE = YES;
				CLANG_WARN_UNGUARDED_AVAILABILITY = YES_AGGRESSIVE;
				CLANG_WARN_UNREACHABLE_CODE = YES;
				CLANG_WARN__DUPLICATE_METHOD_MATCH = YES;
				CODE_SIGN_IDENTITY = "iPhone Developer";
				COPY_PHASE_STRIP = NO;
				DEBUG_INFORMATION_FORMAT = "dwarf-with-dsym";
				ENABLE_NS_ASSERTIONS = NO;
				ENABLE_STRICT_OBJC_MSGSEND = YES;
				GCC_C_LANGUAGE_STANDARD = gnu11;
				GCC_NO_COMMON_BLOCKS = YES;
				GCC_WARN_64_TO_32_BIT_CONVERSION = YES;
				GCC_WARN_ABOUT_RETURN_TYPE = YES_ERROR;
				GCC_WARN_UNDECLARED_SELECTOR = YES;
				GCC_WARN_UNINITIALIZED_AUTOS = YES_AGGRESSIVE;
				GCC_WARN_UNUSED_FUNCTION = YES;
				GCC_WARN_UNUSED_VARIABLE = YES;
				IPHONEOS_DEPLOYMENT_TARGET = 11.1;
				MTL_ENABLE_DEBUG_INFO = NO;
				SDKROOT = iphoneos;
				VALIDATE_PRODUCT = YES;
			};
			name = Release;
		};
		8F024B431FBEC888001BF693 /* Debug */ = {
			isa = XCBuildConfiguration;
			buildSettings = {
				ASSETCATALOG_COMPILER_APPICON_NAME = AppIcon;
				CODE_SIGN_STYLE = Automatic;
				DEVELOPMENT_TEAM = V9P85A27AP;
				INFOPLIST_FILE = "DLKit-Demo/Info.plist";
				IPHONEOS_DEPLOYMENT_TARGET = 9.0;
				LD_RUNPATH_SEARCH_PATHS = "$(inherited) @executable_path/Frameworks";
				PRODUCT_BUNDLE_IDENTIFIER = "com.daba.DLKit-Demo";
				PRODUCT_NAME = "$(TARGET_NAME)";
				TARGETED_DEVICE_FAMILY = "1,2";
			};
			name = Debug;
		};
		8F024B441FBEC888001BF693 /* Release */ = {
			isa = XCBuildConfiguration;
			buildSettings = {
				ASSETCATALOG_COMPILER_APPICON_NAME = AppIcon;
				CODE_SIGN_STYLE = Automatic;
				DEVELOPMENT_TEAM = V9P85A27AP;
				INFOPLIST_FILE = "DLKit-Demo/Info.plist";
				IPHONEOS_DEPLOYMENT_TARGET = 9.0;
				LD_RUNPATH_SEARCH_PATHS = "$(inherited) @executable_path/Frameworks";
				PRODUCT_BUNDLE_IDENTIFIER = "com.daba.DLKit-Demo";
				PRODUCT_NAME = "$(TARGET_NAME)";
				TARGETED_DEVICE_FAMILY = "1,2";
			};
			name = Release;
		};
/* End XCBuildConfiguration section */

/* Begin XCConfigurationList section */
		8F024B271FBEC887001BF693 /* Build configuration list for PBXProject "DLKit-Demo" */ = {
			isa = XCConfigurationList;
			buildConfigurations = (
				8F024B401FBEC888001BF693 /* Debug */,
				8F024B411FBEC888001BF693 /* Release */,
			);
			defaultConfigurationIsVisible = 0;
			defaultConfigurationName = Release;
		};
		8F024B421FBEC888001BF693 /* Build configuration list for PBXNativeTarget "DLKit-Demo" */ = {
			isa = XCConfigurationList;
			buildConfigurations = (
				8F024B431FBEC888001BF693 /* Debug */,
				8F024B441FBEC888001BF693 /* Release */,
			);
			defaultConfigurationIsVisible = 0;
			defaultConfigurationName = Release;
		};
/* End XCConfigurationList section */
	};
	rootObject = 8F024B241FBEC887001BF693 /* Project object */;
}
